dependencies:
- name: postgresql
  repository: https://raw.githubusercontent.com/bitnami/charts/eb5f9a9513d987b519f0ecd732e7031241c50328/bitnami
  version: 10.10.3
- name: common
  repository: https://charts.bitnami.com/bitnami
  version: 2.0.4
digest: sha256:1fc126abd44c0c2bde9f2ab3e7346a26cbc46f99f0316921f42165c814543b6a
generated: "2024-03-20T13:33:29.048362+03:00"
